
Microsoft Visual Studio Solution File, Format Version 11.00
# Visual Studio 2010
Project("{E24C65DC-7377-472B-9ABA-BC803B73C61A}") = "Hidistro", "Hidistro\", "{027A77DE-A619-48DF-8ECD-A6F92456F470}"
	ProjectSection(WebsiteProperties) = preProject
		TargetFrameworkMoniker = ".NETFramework,Version%3Dv4.0"
		ProjectReferences = "{AFB204EC-D6E9-422A-82D5-9B0F9D6C3DDD}|Hidistro.UI.SaleSystem.CodeBehind.dll;{B4973ACA-CE4A-4F38-9334-C3E2AD368C98}|Hidistro.ControlPanel.Comments.dll;{490AF141-6BFE-4135-A1A3-DD70F056B33E}|Hidistro.ControlPanel.Commodities.dll;{1C1833D6-5AC5-4302-B503-C5E4A86F4580}|Hidistro.ControlPanel.Data.dll;{12C259EC-8726-432C-9FC1-A63889994052}|Hidistro.ControlPanel.Distribution.dll;{65B51957-0989-4160-8039-9D8DA324C3D4}|Hidistro.ControlPanel.Members.dll;{C3025BC0-BC49-40E9-956E-DAE00A197EB8}|Hidistro.ControlPanel.Promotions.dll;{4BD9FB0D-A608-4698-97AC-1AD9B72C11F0}|Hidistro.ControlPanel.Sales.dll;{823E74AE-6491-40A7-8B07-1F39ABBCDC4C}|Hidistro.ControlPanel.Store.dll;{8B2D3239-08D3-42E1-B12A-144DE4F18EB8}|Hidistro.Core.dll;{49294930-30AA-4764-A11A-1BF3844CA8F0}|Hidistro.Entities.dll;{34A778C3-1342-4B2C-A123-74E7DAE721FC}|Hidistro.Jobs.dll;{CEA2ABFE-1A1D-4272-A2E3-347EF1AE0DD6}|Hidistro.Membership.ASPNETProvider.dll;{CCF15601-BC16-4BBA-9BEE-E4ADA1D0F967}|Hidistro.Membership.Context.dll;{EBC1A15A-C7D7-4D81-A1C7-0C7F69A74384}|Hidistro.Membership.Data.dll;{BC2E272B-0C6E-4443-9985-5F0114249DBA}|Hidistro.Messages.Data.dll;{6DB0199B-9E14-490C-B9C9-6772C6512769}|Hidistro.Messages.dll;{3BAFCDFD-9BF6-49C6-8DDD-F9A218C0C5B1}|Hidistro.Membership.Core.dll;{9633E216-89B9-419E-81F3-351F7717A999}|Hidistro.SaleSystem.Catalog.dll;{70D10A02-D256-4F64-862B-8C5029E5D3A4}|Hidistro.SaleSystem.Comments.dll;{FDCFF43B-F6ED-4D5F-B73D-AE393412B306}|Hidistro.SaleSystem.Data.dll;{BACABC5E-5CEA-42B1-87F4-2B22DFF50C8E}|Hidistro.SaleSystem.DistributionData.dll;{6AF7E132-15B3-46F0-901A-AFE4B7F74B0E}|Hidistro.SaleSystem.Member.dll;{324286FD-52CE-4223-B8DD-8999123A45B1}|Hidistro.SaleSystem.Shopping.dll;{6A9887FA-6897-4842-A7A6-DD542FF839D3}|Hidistro.Subsites.Comments.dll;{DF5BBD35-0929-4475-BCB0-1779532F6137}|Hidistro.Subsites.Commodities.dll;{C186113B-40E8-496B-A9C6-D92C936C3461}|Hidistro.Subsites.Data.dll;{E3D3883D-4920-41AA-BC9D-F01D4F46779E}|Hidistro.Subsites.Members.dll;{3FF886BD-8E64-4DD8-AB25-4EE4BAB5831F}|Hidistro.Subsites.Promotions.dll;{8E52BEA6-3715-44D8-8523-EA36F5122E7D}|Hidistro.Subsites.Sales.dll;{5E1EC0A4-B226-44BE-8D9F-1ACFF25B9BC2}|Hidistro.Subsites.Store.dll;{68AE5037-5762-4450-8AD6-693C7FC5CD5F}|Hidistro.UI.Web.dll;{5607EA0D-5648-4C3D-881D-99A295D72DCB}|Hishop.Plugins.dll;{DB02CBB3-6740-4778-8A08-FDE7FCCB8428}|Hishop.TransferManager.dll;{DE472BAB-BD11-44B6-B476-D5AFB48848DB}|Hidistro.UI.ControlPanel.Utility.dll;{C3EBE3F7-00DB-4489-B889-496C6303EE57}|Hidistro.UI.AccountCenter.CodeBehind.dll;{CCF3D813-6D67-4C74-9057-D0CB2BAAA122}|Hidistro.UI.Subsites.Utility.dll;{F5966381-1FF5-4D94-8AF4-BF4E61F8C982}|Hidistro.UI.Common.Controls.dll;{6D75D6CF-94F3-4E40-B75B-458CDB699245}|HtmlAgilityPack.dll;"
		Debug.AspNetCompiler.VirtualPath = "/Hidistro"
		Debug.AspNetCompiler.PhysicalPath = "Hidistro\"
		Debug.AspNetCompiler.TargetPath = "PrecompiledWeb\Hidistro\"
		Debug.AspNetCompiler.Updateable = "true"
		Debug.AspNetCompiler.ForceOverwrite = "true"
		Debug.AspNetCompiler.FixedNames = "false"
		Debug.AspNetCompiler.Debug = "True"
		Release.AspNetCompiler.VirtualPath = "/Hidistro"
		Release.AspNetCompiler.PhysicalPath = "Hidistro\"
		Release.AspNetCompiler.TargetPath = "PrecompiledWeb\Hidistro\"
		Release.AspNetCompiler.Updateable = "true"
		Release.AspNetCompiler.ForceOverwrite = "true"
		Release.AspNetCompiler.FixedNames = "false"
		Release.AspNetCompiler.Debug = "False"
		VWDPort = "11881"
		VWDVirtualPath = "/"
	EndProjectSection
EndProject
Project("{FAE04EC0-301F-11D3-BF4B-00C04F79EFBC}") = "Hidistro.UI.Web", "Hidistro.UI.Web\Hidistro.UI.Web.csproj", "{68AE5037-5762-4450-8AD6-693C7FC5CD5F}"
EndProject
Project("{FAE04EC0-301F-11D3-BF4B-00C04F79EFBC}") = "Hidistro.Membership.Context", "Hidistro.Membership.Context\Hidistro.Membership.Context.csproj", "{CCF15601-BC16-4BBA-9BEE-E4ADA1D0F967}"
EndProject
Project("{FAE04EC0-301F-11D3-BF4B-00C04F79EFBC}") = "Hidistro.Subsites.Data", "Hidistro.Subsites.Data\Hidistro.Subsites.Data.csproj", "{C186113B-40E8-496B-A9C6-D92C936C3461}"
EndProject
Project("{FAE04EC0-301F-11D3-BF4B-00C04F79EFBC}") = "Hidistro.ControlPanel.Comments", "Hidistro.ControlPanel.Comments\Hidistro.ControlPanel.Comments.csproj", "{B4973ACA-CE4A-4F38-9334-C3E2AD368C98}"
EndProject
Project("{FAE04EC0-301F-11D3-BF4B-00C04F79EFBC}") = "Hidistro.ControlPanel.Commodities", "Hidistro.ControlPanel.Commodities\Hidistro.ControlPanel.Commodities.csproj", "{490AF141-6BFE-4135-A1A3-DD70F056B33E}"
EndProject
Project("{FAE04EC0-301F-11D3-BF4B-00C04F79EFBC}") = "Hidistro.ControlPanel.Data", "Hidistro.ControlPanel.Data\Hidistro.ControlPanel.Data.csproj", "{1C1833D6-5AC5-4302-B503-C5E4A86F4580}"
EndProject
Project("{FAE04EC0-301F-11D3-BF4B-00C04F79EFBC}") = "Hidistro.ControlPanel.Distribution", "Hidistro.ControlPanel.Distribution\Hidistro.ControlPanel.Distribution.csproj", "{12C259EC-8726-432C-9FC1-A63889994052}"
EndProject
Project("{FAE04EC0-301F-11D3-BF4B-00C04F79EFBC}") = "Hidistro.ControlPanel.Members", "Hidistro.ControlPanel.Members\Hidistro.ControlPanel.Members.csproj", "{65B51957-0989-4160-8039-9D8DA324C3D4}"
EndProject
Project("{FAE04EC0-301F-11D3-BF4B-00C04F79EFBC}") = "Hidistro.ControlPanel.Promotions", "Hidistro.ControlPanel.Promotions\Hidistro.ControlPanel.Promotions.csproj", "{C3025BC0-BC49-40E9-956E-DAE00A197EB8}"
EndProject
Project("{FAE04EC0-301F-11D3-BF4B-00C04F79EFBC}") = "Hidistro.ControlPanel.Sales", "Hidistro.ControlPanel.Sales\Hidistro.ControlPanel.Sales.csproj", "{4BD9FB0D-A608-4698-97AC-1AD9B72C11F0}"
EndProject
Project("{FAE04EC0-301F-11D3-BF4B-00C04F79EFBC}") = "Hidistro.ControlPanel.Store", "Hidistro.ControlPanel.Store\Hidistro.ControlPanel.Store.csproj", "{823E74AE-6491-40A7-8B07-1F39ABBCDC4C}"
EndProject
Project("{FAE04EC0-301F-11D3-BF4B-00C04F79EFBC}") = "Hidistro.Core", "Hidistro.Core\Hidistro.Core.csproj", "{8B2D3239-08D3-42E1-B12A-144DE4F18EB8}"
EndProject
Project("{FAE04EC0-301F-11D3-BF4B-00C04F79EFBC}") = "Hidistro.Entities", "Hidistro.Entities\Hidistro.Entities.csproj", "{49294930-30AA-4764-A11A-1BF3844CA8F0}"
EndProject
Project("{FAE04EC0-301F-11D3-BF4B-00C04F79EFBC}") = "Hidistro.Jobs", "Hidistro.Jobs\Hidistro.Jobs.csproj", "{34A778C3-1342-4B2C-A123-74E7DAE721FC}"
EndProject
Project("{FAE04EC0-301F-11D3-BF4B-00C04F79EFBC}") = "Hidistro.Membership.ASPNETProvider", "Hidistro.Membership.ASPNETProvider\Hidistro.Membership.ASPNETProvider.csproj", "{CEA2ABFE-1A1D-4272-A2E3-347EF1AE0DD6}"
EndProject
Project("{FAE04EC0-301F-11D3-BF4B-00C04F79EFBC}") = "Hidistro.Membership.Core", "Hidistro.Membership.Core\Hidistro.Membership.Core.csproj", "{3BAFCDFD-9BF6-49C6-8DDD-F9A218C0C5B1}"
EndProject
Project("{FAE04EC0-301F-11D3-BF4B-00C04F79EFBC}") = "Hidistro.Membership.Data", "Hidistro.Membership.Data\Hidistro.Membership.Data.csproj", "{EBC1A15A-C7D7-4D81-A1C7-0C7F69A74384}"
EndProject
Project("{FAE04EC0-301F-11D3-BF4B-00C04F79EFBC}") = "Hidistro.Messages.Data", "Hidistro.Messages.Data\Hidistro.Messages.Data.csproj", "{BC2E272B-0C6E-4443-9985-5F0114249DBA}"
EndProject
Project("{FAE04EC0-301F-11D3-BF4B-00C04F79EFBC}") = "Hidistro.Messages", "Hidistro.Messages\Hidistro.Messages.csproj", "{6DB0199B-9E14-490C-B9C9-6772C6512769}"
EndProject
Project("{FAE04EC0-301F-11D3-BF4B-00C04F79EFBC}") = "Hidistro.SaleSystem.Catalog", "Hidistro.SaleSystem.Catalog\Hidistro.SaleSystem.Catalog.csproj", "{9633E216-89B9-419E-81F3-351F7717A999}"
EndProject
Project("{FAE04EC0-301F-11D3-BF4B-00C04F79EFBC}") = "Hidistro.SaleSystem.Comments", "Hidistro.SaleSystem.Comments\Hidistro.SaleSystem.Comments.csproj", "{70D10A02-D256-4F64-862B-8C5029E5D3A4}"
EndProject
Project("{FAE04EC0-301F-11D3-BF4B-00C04F79EFBC}") = "Hidistro.SaleSystem.Data", "Hidistro.SaleSystem.Data\Hidistro.SaleSystem.Data.csproj", "{FDCFF43B-F6ED-4D5F-B73D-AE393412B306}"
EndProject
Project("{FAE04EC0-301F-11D3-BF4B-00C04F79EFBC}") = "Hidistro.SaleSystem.DistributionData", "Hidistro.SaleSystem.DistributionData\Hidistro.SaleSystem.DistributionData.csproj", "{BACABC5E-5CEA-42B1-87F4-2B22DFF50C8E}"
EndProject
Project("{FAE04EC0-301F-11D3-BF4B-00C04F79EFBC}") = "Hidistro.SaleSystem.Member", "Hidistro.SaleSystem.Member\Hidistro.SaleSystem.Member.csproj", "{6AF7E132-15B3-46F0-901A-AFE4B7F74B0E}"
EndProject
Project("{FAE04EC0-301F-11D3-BF4B-00C04F79EFBC}") = "Hidistro.SaleSystem.Shopping", "Hidistro.SaleSystem.Shopping\Hidistro.SaleSystem.Shopping.csproj", "{324286FD-52CE-4223-B8DD-8999123A45B1}"
EndProject
Project("{FAE04EC0-301F-11D3-BF4B-00C04F79EFBC}") = "Hidistro.Subsites.Comments", "Hidistro.Subsites.Comments\Hidistro.Subsites.Comments.csproj", "{6A9887FA-6897-4842-A7A6-DD542FF839D3}"
EndProject
Project("{FAE04EC0-301F-11D3-BF4B-00C04F79EFBC}") = "Hidistro.Subsites.Commodities", "Hidistro.Subsites.Commodities\Hidistro.Subsites.Commodities.csproj", "{DF5BBD35-0929-4475-BCB0-1779532F6137}"
EndProject
Project("{FAE04EC0-301F-11D3-BF4B-00C04F79EFBC}") = "Hidistro.Subsites.Members", "Hidistro.Subsites.Members\Hidistro.Subsites.Members.csproj", "{E3D3883D-4920-41AA-BC9D-F01D4F46779E}"
EndProject
Project("{FAE04EC0-301F-11D3-BF4B-00C04F79EFBC}") = "Hidistro.Subsites.Promotions", "Hidistro.Subsites.Promotions\Hidistro.Subsites.Promotions.csproj", "{3FF886BD-8E64-4DD8-AB25-4EE4BAB5831F}"
EndProject
Project("{FAE04EC0-301F-11D3-BF4B-00C04F79EFBC}") = "Hidistro.Subsites.Sales", "Hidistro.Subsites.Sales\Hidistro.Subsites.Sales.csproj", "{8E52BEA6-3715-44D8-8523-EA36F5122E7D}"
EndProject
Project("{FAE04EC0-301F-11D3-BF4B-00C04F79EFBC}") = "Hidistro.Subsites.Store", "Hidistro.Subsites.Store\Hidistro.Subsites.Store.csproj", "{5E1EC0A4-B226-44BE-8D9F-1ACFF25B9BC2}"
EndProject
Project("{FAE04EC0-301F-11D3-BF4B-00C04F79EFBC}") = "Hidistro.UI.AccountCenter.CodeBehind", "Hidistro.UI.AccountCenter.CodeBehind\Hidistro.UI.AccountCenter.CodeBehind.csproj", "{C3EBE3F7-00DB-4489-B889-496C6303EE57}"
EndProject
Project("{FAE04EC0-301F-11D3-BF4B-00C04F79EFBC}") = "Hidistro.UI.Common.Controls", "Hidistro.UI.Common.Controls\Hidistro.UI.Common.Controls.csproj", "{F5966381-1FF5-4D94-8AF4-BF4E61F8C982}"
EndProject
Project("{FAE04EC0-301F-11D3-BF4B-00C04F79EFBC}") = "Hidistro.UI.ControlPanel.Utility", "Hidistro.UI.ControlPanel.Utility\Hidistro.UI.ControlPanel.Utility.csproj", "{DE472BAB-BD11-44B6-B476-D5AFB48848DB}"
EndProject
Project("{FAE04EC0-301F-11D3-BF4B-00C04F79EFBC}") = "Hidistro.UI.SaleSystem.CodeBehind", "Hidistro.UI.SaleSystem.CodeBehind\Hidistro.UI.SaleSystem.CodeBehind.csproj", "{AFB204EC-D6E9-422A-82D5-9B0F9D6C3DDD}"
EndProject
Project("{FAE04EC0-301F-11D3-BF4B-00C04F79EFBC}") = "Hidistro.UI.Subsites.Utility", "Hidistro.UI.Subsites.Utility\Hidistro.UI.Subsites.Utility.csproj", "{CCF3D813-6D67-4C74-9057-D0CB2BAAA122}"
EndProject
Project("{FAE04EC0-301F-11D3-BF4B-00C04F79EFBC}") = "Hishop.Plugins", "Hishop.Plugins\Hishop.Plugins.csproj", "{5607EA0D-5648-4C3D-881D-99A295D72DCB}"
EndProject
Project("{FAE04EC0-301F-11D3-BF4B-00C04F79EFBC}") = "Hishop.TransferManager", "Hishop.TransferManager\Hishop.TransferManager.csproj", "{DB02CBB3-6740-4778-8A08-FDE7FCCB8428}"
EndProject
Project("{FAE04EC0-301F-11D3-BF4B-00C04F79EFBC}") = "HtmlAgilityPack", "HtmlAgilityPack\HtmlAgilityPack.csproj", "{6D75D6CF-94F3-4E40-B75B-458CDB699245}"
EndProject
Global
	GlobalSection(SolutionConfigurationPlatforms) = preSolution
		Debug|Any CPU = Debug|Any CPU
		Debug|Mixed Platforms = Debug|Mixed Platforms
		Debug|x86 = Debug|x86
		Release|Any CPU = Release|Any CPU
		Release|Mixed Platforms = Release|Mixed Platforms
		Release|x86 = Release|x86
	EndGlobalSection
	GlobalSection(ProjectConfigurationPlatforms) = postSolution
		{027A77DE-A619-48DF-8ECD-A6F92456F470}.Debug|Any CPU.ActiveCfg = Debug|Any CPU
		{027A77DE-A619-48DF-8ECD-A6F92456F470}.Debug|Any CPU.Build.0 = Debug|Any CPU
		{027A77DE-A619-48DF-8ECD-A6F92456F470}.Debug|Mixed Platforms.ActiveCfg = Debug|Any CPU
		{027A77DE-A619-48DF-8ECD-A6F92456F470}.Debug|Mixed Platforms.Build.0 = Debug|Any CPU
		{027A77DE-A619-48DF-8ECD-A6F92456F470}.Debug|x86.ActiveCfg = Debug|Any CPU
		{027A77DE-A619-48DF-8ECD-A6F92456F470}.Release|Any CPU.ActiveCfg = Debug|Any CPU
		{027A77DE-A619-48DF-8ECD-A6F92456F470}.Release|Any CPU.Build.0 = Debug|Any CPU
		{027A77DE-A619-48DF-8ECD-A6F92456F470}.Release|Mixed Platforms.ActiveCfg = Debug|Any CPU
		{027A77DE-A619-48DF-8ECD-A6F92456F470}.Release|Mixed Platforms.Build.0 = Debug|Any CPU
		{027A77DE-A619-48DF-8ECD-A6F92456F470}.Release|x86.ActiveCfg = Debug|Any CPU
		{68AE5037-5762-4450-8AD6-693C7FC5CD5F}.Debug|Any CPU.ActiveCfg = Debug|Any CPU
		{68AE5037-5762-4450-8AD6-693C7FC5CD5F}.Debug|Any CPU.Build.0 = Debug|Any CPU
		{68AE5037-5762-4450-8AD6-693C7FC5CD5F}.Debug|Mixed Platforms.ActiveCfg = Debug|Any CPU
		{68AE5037-5762-4450-8AD6-693C7FC5CD5F}.Debug|Mixed Platforms.Build.0 = Debug|Any CPU
		{68AE5037-5762-4450-8AD6-693C7FC5CD5F}.Debug|x86.ActiveCfg = Debug|Any CPU
		{68AE5037-5762-4450-8AD6-693C7FC5CD5F}.Release|Any CPU.ActiveCfg = Release|Any CPU
		{68AE5037-5762-4450-8AD6-693C7FC5CD5F}.Release|Any CPU.Build.0 = Release|Any CPU
		{68AE5037-5762-4450-8AD6-693C7FC5CD5F}.Release|Mixed Platforms.ActiveCfg = Release|Any CPU
		{68AE5037-5762-4450-8AD6-693C7FC5CD5F}.Release|Mixed Platforms.Build.0 = Release|Any CPU
		{68AE5037-5762-4450-8AD6-693C7FC5CD5F}.Release|x86.ActiveCfg = Release|Any CPU
		{CCF15601-BC16-4BBA-9BEE-E4ADA1D0F967}.Debug|Any CPU.ActiveCfg = Debug|Any CPU
		{CCF15601-BC16-4BBA-9BEE-E4ADA1D0F967}.Debug|Any CPU.Build.0 = Debug|Any CPU
		{CCF15601-BC16-4BBA-9BEE-E4ADA1D0F967}.Debug|Mixed Platforms.ActiveCfg = Debug|Any CPU
		{CCF15601-BC16-4BBA-9BEE-E4ADA1D0F967}.Debug|Mixed Platforms.Build.0 = Debug|Any CPU
		{CCF15601-BC16-4BBA-9BEE-E4ADA1D0F967}.Debug|x86.ActiveCfg = Debug|Any CPU
		{CCF15601-BC16-4BBA-9BEE-E4ADA1D0F967}.Release|Any CPU.ActiveCfg = Release|Any CPU
		{CCF15601-BC16-4BBA-9BEE-E4ADA1D0F967}.Release|Any CPU.Build.0 = Release|Any CPU
		{CCF15601-BC16-4BBA-9BEE-E4ADA1D0F967}.Release|Mixed Platforms.ActiveCfg = Release|Any CPU
		{CCF15601-BC16-4BBA-9BEE-E4ADA1D0F967}.Release|Mixed Platforms.Build.0 = Release|Any CPU
		{CCF15601-BC16-4BBA-9BEE-E4ADA1D0F967}.Release|x86.ActiveCfg = Release|Any CPU
		{C186113B-40E8-496B-A9C6-D92C936C3461}.Debug|Any CPU.ActiveCfg = Debug|Any CPU
		{C186113B-40E8-496B-A9C6-D92C936C3461}.Debug|Any CPU.Build.0 = Debug|Any CPU
		{C186113B-40E8-496B-A9C6-D92C936C3461}.Debug|Mixed Platforms.ActiveCfg = Debug|Any CPU
		{C186113B-40E8-496B-A9C6-D92C936C3461}.Debug|Mixed Platforms.Build.0 = Debug|Any CPU
		{C186113B-40E8-496B-A9C6-D92C936C3461}.Debug|x86.ActiveCfg = Debug|Any CPU
		{C186113B-40E8-496B-A9C6-D92C936C3461}.Release|Any CPU.ActiveCfg = Release|Any CPU
		{C186113B-40E8-496B-A9C6-D92C936C3461}.Release|Any CPU.Build.0 = Release|Any CPU
		{C186113B-40E8-496B-A9C6-D92C936C3461}.Release|Mixed Platforms.ActiveCfg = Release|Any CPU
		{C186113B-40E8-496B-A9C6-D92C936C3461}.Release|Mixed Platforms.Build.0 = Release|Any CPU
		{C186113B-40E8-496B-A9C6-D92C936C3461}.Release|x86.ActiveCfg = Release|Any CPU
		{B4973ACA-CE4A-4F38-9334-C3E2AD368C98}.Debug|Any CPU.ActiveCfg = Debug|Any CPU
		{B4973ACA-CE4A-4F38-9334-C3E2AD368C98}.Debug|Any CPU.Build.0 = Debug|Any CPU
		{B4973ACA-CE4A-4F38-9334-C3E2AD368C98}.Debug|Mixed Platforms.ActiveCfg = Debug|Any CPU
		{B4973ACA-CE4A-4F38-9334-C3E2AD368C98}.Debug|Mixed Platforms.Build.0 = Debug|Any CPU
		{B4973ACA-CE4A-4F38-9334-C3E2AD368C98}.Debug|x86.ActiveCfg = Debug|Any CPU
		{B4973ACA-CE4A-4F38-9334-C3E2AD368C98}.Release|Any CPU.ActiveCfg = Release|Any CPU
		{B4973ACA-CE4A-4F38-9334-C3E2AD368C98}.Release|Any CPU.Build.0 = Release|Any CPU
		{B4973ACA-CE4A-4F38-9334-C3E2AD368C98}.Release|Mixed Platforms.ActiveCfg = Release|Any CPU
		{B4973ACA-CE4A-4F38-9334-C3E2AD368C98}.Release|Mixed Platforms.Build.0 = Release|Any CPU
		{B4973ACA-CE4A-4F38-9334-C3E2AD368C98}.Release|x86.ActiveCfg = Release|Any CPU
		{490AF141-6BFE-4135-A1A3-DD70F056B33E}.Debug|Any CPU.ActiveCfg = Debug|Any CPU
		{490AF141-6BFE-4135-A1A3-DD70F056B33E}.Debug|Any CPU.Build.0 = Debug|Any CPU
		{490AF141-6BFE-4135-A1A3-DD70F056B33E}.Debug|Mixed Platforms.ActiveCfg = Debug|Any CPU
		{490AF141-6BFE-4135-A1A3-DD70F056B33E}.Debug|Mixed Platforms.Build.0 = Debug|Any CPU
		{490AF141-6BFE-4135-A1A3-DD70F056B33E}.Debug|x86.ActiveCfg = Debug|Any CPU
		{490AF141-6BFE-4135-A1A3-DD70F056B33E}.Release|Any CPU.ActiveCfg = Release|Any CPU
		{490AF141-6BFE-4135-A1A3-DD70F056B33E}.Release|Any CPU.Build.0 = Release|Any CPU
		{490AF141-6BFE-4135-A1A3-DD70F056B33E}.Release|Mixed Platforms.ActiveCfg = Release|Any CPU
		{490AF141-6BFE-4135-A1A3-DD70F056B33E}.Release|Mixed Platforms.Build.0 = Release|Any CPU
		{490AF141-6BFE-4135-A1A3-DD70F056B33E}.Release|x86.ActiveCfg = Release|Any CPU
		{1C1833D6-5AC5-4302-B503-C5E4A86F4580}.Debug|Any CPU.ActiveCfg = Debug|Any CPU
		{1C1833D6-5AC5-4302-B503-C5E4A86F4580}.Debug|Any CPU.Build.0 = Debug|Any CPU
		{1C1833D6-5AC5-4302-B503-C5E4A86F4580}.Debug|Mixed Platforms.ActiveCfg = Debug|Any CPU
		{1C1833D6-5AC5-4302-B503-C5E4A86F4580}.Debug|Mixed Platforms.Build.0 = Debug|Any CPU
		{1C1833D6-5AC5-4302-B503-C5E4A86F4580}.Debug|x86.ActiveCfg = Debug|Any CPU
		{1C1833D6-5AC5-4302-B503-C5E4A86F4580}.Release|Any CPU.ActiveCfg = Release|Any CPU
		{1C1833D6-5AC5-4302-B503-C5E4A86F4580}.Release|Any CPU.Build.0 = Release|Any CPU
		{1C1833D6-5AC5-4302-B503-C5E4A86F4580}.Release|Mixed Platforms.ActiveCfg = Release|Any CPU
		{1C1833D6-5AC5-4302-B503-C5E4A86F4580}.Release|Mixed Platforms.Build.0 = Release|Any CPU
		{1C1833D6-5AC5-4302-B503-C5E4A86F4580}.Release|x86.ActiveCfg = Release|Any CPU
		{12C259EC-8726-432C-9FC1-A63889994052}.Debug|Any CPU.ActiveCfg = Debug|Any CPU
		{12C259EC-8726-432C-9FC1-A63889994052}.Debug|Any CPU.Build.0 = Debug|Any CPU
		{12C259EC-8726-432C-9FC1-A63889994052}.Debug|Mixed Platforms.ActiveCfg = Debug|Any CPU
		{12C259EC-8726-432C-9FC1-A63889994052}.Debug|Mixed Platforms.Build.0 = Debug|Any CPU
		{12C259EC-8726-432C-9FC1-A63889994052}.Debug|x86.ActiveCfg = Debug|Any CPU
		{12C259EC-8726-432C-9FC1-A63889994052}.Release|Any CPU.ActiveCfg = Release|Any CPU
		{12C259EC-8726-432C-9FC1-A63889994052}.Release|Any CPU.Build.0 = Release|Any CPU
		{12C259EC-8726-432C-9FC1-A63889994052}.Release|Mixed Platforms.ActiveCfg = Release|Any CPU
		{12C259EC-8726-432C-9FC1-A63889994052}.Release|Mixed Platforms.Build.0 = Release|Any CPU
		{12C259EC-8726-432C-9FC1-A63889994052}.Release|x86.ActiveCfg = Release|Any CPU
		{65B51957-0989-4160-8039-9D8DA324C3D4}.Debug|Any CPU.ActiveCfg = Debug|Any CPU
		{65B51957-0989-4160-8039-9D8DA324C3D4}.Debug|Any CPU.Build.0 = Debug|Any CPU
		{65B51957-0989-4160-8039-9D8DA324C3D4}.Debug|Mixed Platforms.ActiveCfg = Debug|Any CPU
		{65B51957-0989-4160-8039-9D8DA324C3D4}.Debug|Mixed Platforms.Build.0 = Debug|Any CPU
		{65B51957-0989-4160-8039-9D8DA324C3D4}.Debug|x86.ActiveCfg = Debug|Any CPU
		{65B51957-0989-4160-8039-9D8DA324C3D4}.Release|Any CPU.ActiveCfg = Release|Any CPU
		{65B51957-0989-4160-8039-9D8DA324C3D4}.Release|Any CPU.Build.0 = Release|Any CPU
		{65B51957-0989-4160-8039-9D8DA324C3D4}.Release|Mixed Platforms.ActiveCfg = Release|Any CPU
		{65B51957-0989-4160-8039-9D8DA324C3D4}.Release|Mixed Platforms.Build.0 = Release|Any CPU
		{65B51957-0989-4160-8039-9D8DA324C3D4}.Release|x86.ActiveCfg = Release|Any CPU
		{C3025BC0-BC49-40E9-956E-DAE00A197EB8}.Debug|Any CPU.ActiveCfg = Debug|Any CPU
		{C3025BC0-BC49-40E9-956E-DAE00A197EB8}.Debug|Any CPU.Build.0 = Debug|Any CPU
		{C3025BC0-BC49-40E9-956E-DAE00A197EB8}.Debug|Mixed Platforms.ActiveCfg = Debug|Any CPU
		{C3025BC0-BC49-40E9-956E-DAE00A197EB8}.Debug|Mixed Platforms.Build.0 = Debug|Any CPU
		{C3025BC0-BC49-40E9-956E-DAE00A197EB8}.Debug|x86.ActiveCfg = Debug|Any CPU
		{C3025BC0-BC49-40E9-956E-DAE00A197EB8}.Release|Any CPU.ActiveCfg = Release|Any CPU
		{C3025BC0-BC49-40E9-956E-DAE00A197EB8}.Release|Any CPU.Build.0 = Release|Any CPU
		{C3025BC0-BC49-40E9-956E-DAE00A197EB8}.Release|Mixed Platforms.ActiveCfg = Release|Any CPU
		{C3025BC0-BC49-40E9-956E-DAE00A197EB8}.Release|Mixed Platforms.Build.0 = Release|Any CPU
		{C3025BC0-BC49-40E9-956E-DAE00A197EB8}.Release|x86.ActiveCfg = Release|Any CPU
		{4BD9FB0D-A608-4698-97AC-1AD9B72C11F0}.Debug|Any CPU.ActiveCfg = Debug|Any CPU
		{4BD9FB0D-A608-4698-97AC-1AD9B72C11F0}.Debug|Any CPU.Build.0 = Debug|Any CPU
		{4BD9FB0D-A608-4698-97AC-1AD9B72C11F0}.Debug|Mixed Platforms.ActiveCfg = Debug|Any CPU
		{4BD9FB0D-A608-4698-97AC-1AD9B72C11F0}.Debug|Mixed Platforms.Build.0 = Debug|Any CPU
		{4BD9FB0D-A608-4698-97AC-1AD9B72C11F0}.Debug|x86.ActiveCfg = Debug|Any CPU
		{4BD9FB0D-A608-4698-97AC-1AD9B72C11F0}.Release|Any CPU.ActiveCfg = Release|Any CPU
		{4BD9FB0D-A608-4698-97AC-1AD9B72C11F0}.Release|Any CPU.Build.0 = Release|Any CPU
		{4BD9FB0D-A608-4698-97AC-1AD9B72C11F0}.Release|Mixed Platforms.ActiveCfg = Release|Any CPU
		{4BD9FB0D-A608-4698-97AC-1AD9B72C11F0}.Release|Mixed Platforms.Build.0 = Release|Any CPU
		{4BD9FB0D-A608-4698-97AC-1AD9B72C11F0}.Release|x86.ActiveCfg = Release|Any CPU
		{823E74AE-6491-40A7-8B07-1F39ABBCDC4C}.Debug|Any CPU.ActiveCfg = Debug|Any CPU
		{823E74AE-6491-40A7-8B07-1F39ABBCDC4C}.Debug|Any CPU.Build.0 = Debug|Any CPU
		{823E74AE-6491-40A7-8B07-1F39ABBCDC4C}.Debug|Mixed Platforms.ActiveCfg = Debug|Any CPU
		{823E74AE-6491-40A7-8B07-1F39ABBCDC4C}.Debug|Mixed Platforms.Build.0 = Debug|Any CPU
		{823E74AE-6491-40A7-8B07-1F39ABBCDC4C}.Debug|x86.ActiveCfg = Debug|Any CPU
		{823E74AE-6491-40A7-8B07-1F39ABBCDC4C}.Release|Any CPU.ActiveCfg = Release|Any CPU
		{823E74AE-6491-40A7-8B07-1F39ABBCDC4C}.Release|Any CPU.Build.0 = Release|Any CPU
		{823E74AE-6491-40A7-8B07-1F39ABBCDC4C}.Release|Mixed Platforms.ActiveCfg = Release|Any CPU
		{823E74AE-6491-40A7-8B07-1F39ABBCDC4C}.Release|Mixed Platforms.Build.0 = Release|Any CPU
		{823E74AE-6491-40A7-8B07-1F39ABBCDC4C}.Release|x86.ActiveCfg = Release|Any CPU
		{8B2D3239-08D3-42E1-B12A-144DE4F18EB8}.Debug|Any CPU.ActiveCfg = Debug|Any CPU
		{8B2D3239-08D3-42E1-B12A-144DE4F18EB8}.Debug|Any CPU.Build.0 = Debug|Any CPU
		{8B2D3239-08D3-42E1-B12A-144DE4F18EB8}.Debug|Mixed Platforms.ActiveCfg = Debug|Any CPU
		{8B2D3239-08D3-42E1-B12A-144DE4F18EB8}.Debug|Mixed Platforms.Build.0 = Debug|Any CPU
		{8B2D3239-08D3-42E1-B12A-144DE4F18EB8}.Debug|x86.ActiveCfg = Debug|Any CPU
		{8B2D3239-08D3-42E1-B12A-144DE4F18EB8}.Release|Any CPU.ActiveCfg = Release|Any CPU
		{8B2D3239-08D3-42E1-B12A-144DE4F18EB8}.Release|Any CPU.Build.0 = Release|Any CPU
		{8B2D3239-08D3-42E1-B12A-144DE4F18EB8}.Release|Mixed Platforms.ActiveCfg = Release|Any CPU
		{8B2D3239-08D3-42E1-B12A-144DE4F18EB8}.Release|Mixed Platforms.Build.0 = Release|Any CPU
		{8B2D3239-08D3-42E1-B12A-144DE4F18EB8}.Release|x86.ActiveCfg = Release|Any CPU
		{49294930-30AA-4764-A11A-1BF3844CA8F0}.Debug|Any CPU.ActiveCfg = Debug|Any CPU
		{49294930-30AA-4764-A11A-1BF3844CA8F0}.Debug|Any CPU.Build.0 = Debug|Any CPU
		{49294930-30AA-4764-A11A-1BF3844CA8F0}.Debug|Mixed Platforms.ActiveCfg = Debug|Any CPU
		{49294930-30AA-4764-A11A-1BF3844CA8F0}.Debug|Mixed Platforms.Build.0 = Debug|Any CPU
		{49294930-30AA-4764-A11A-1BF3844CA8F0}.Debug|x86.ActiveCfg = Debug|Any CPU
		{49294930-30AA-4764-A11A-1BF3844CA8F0}.Release|Any CPU.ActiveCfg = Release|Any CPU
		{49294930-30AA-4764-A11A-1BF3844CA8F0}.Release|Any CPU.Build.0 = Release|Any CPU
		{49294930-30AA-4764-A11A-1BF3844CA8F0}.Release|Mixed Platforms.ActiveCfg = Release|Any CPU
		{49294930-30AA-4764-A11A-1BF3844CA8F0}.Release|Mixed Platforms.Build.0 = Release|Any CPU
		{49294930-30AA-4764-A11A-1BF3844CA8F0}.Release|x86.ActiveCfg = Release|Any CPU
		{34A778C3-1342-4B2C-A123-74E7DAE721FC}.Debug|Any CPU.ActiveCfg = Debug|Any CPU
		{34A778C3-1342-4B2C-A123-74E7DAE721FC}.Debug|Any CPU.Build.0 = Debug|Any CPU
		{34A778C3-1342-4B2C-A123-74E7DAE721FC}.Debug|Mixed Platforms.ActiveCfg = Debug|Any CPU
		{34A778C3-1342-4B2C-A123-74E7DAE721FC}.Debug|Mixed Platforms.Build.0 = Debug|Any CPU
		{34A778C3-1342-4B2C-A123-74E7DAE721FC}.Debug|x86.ActiveCfg = Debug|Any CPU
		{34A778C3-1342-4B2C-A123-74E7DAE721FC}.Release|Any CPU.ActiveCfg = Release|Any CPU
		{34A778C3-1342-4B2C-A123-74E7DAE721FC}.Release|Any CPU.Build.0 = Release|Any CPU
		{34A778C3-1342-4B2C-A123-74E7DAE721FC}.Release|Mixed Platforms.ActiveCfg = Release|Any CPU
		{34A778C3-1342-4B2C-A123-74E7DAE721FC}.Release|Mixed Platforms.Build.0 = Release|Any CPU
		{34A778C3-1342-4B2C-A123-74E7DAE721FC}.Release|x86.ActiveCfg = Release|Any CPU
		{CEA2ABFE-1A1D-4272-A2E3-347EF1AE0DD6}.Debug|Any CPU.ActiveCfg = Debug|Any CPU
		{CEA2ABFE-1A1D-4272-A2E3-347EF1AE0DD6}.Debug|Any CPU.Build.0 = Debug|Any CPU
		{CEA2ABFE-1A1D-4272-A2E3-347EF1AE0DD6}.Debug|Mixed Platforms.ActiveCfg = Debug|Any CPU
		{CEA2ABFE-1A1D-4272-A2E3-347EF1AE0DD6}.Debug|Mixed Platforms.Build.0 = Debug|Any CPU
		{CEA2ABFE-1A1D-4272-A2E3-347EF1AE0DD6}.Debug|x86.ActiveCfg = Debug|Any CPU
		{CEA2ABFE-1A1D-4272-A2E3-347EF1AE0DD6}.Release|Any CPU.ActiveCfg = Release|Any CPU
		{CEA2ABFE-1A1D-4272-A2E3-347EF1AE0DD6}.Release|Any CPU.Build.0 = Release|Any CPU
		{CEA2ABFE-1A1D-4272-A2E3-347EF1AE0DD6}.Release|Mixed Platforms.ActiveCfg = Release|Any CPU
		{CEA2ABFE-1A1D-4272-A2E3-347EF1AE0DD6}.Release|Mixed Platforms.Build.0 = Release|Any CPU
		{CEA2ABFE-1A1D-4272-A2E3-347EF1AE0DD6}.Release|x86.ActiveCfg = Release|Any CPU
		{3BAFCDFD-9BF6-49C6-8DDD-F9A218C0C5B1}.Debug|Any CPU.ActiveCfg = Debug|Any CPU
		{3BAFCDFD-9BF6-49C6-8DDD-F9A218C0C5B1}.Debug|Any CPU.Build.0 = Debug|Any CPU
		{3BAFCDFD-9BF6-49C6-8DDD-F9A218C0C5B1}.Debug|Mixed Platforms.ActiveCfg = Debug|Any CPU
		{3BAFCDFD-9BF6-49C6-8DDD-F9A218C0C5B1}.Debug|Mixed Platforms.Build.0 = Debug|Any CPU
		{3BAFCDFD-9BF6-49C6-8DDD-F9A218C0C5B1}.Debug|x86.ActiveCfg = Debug|Any CPU
		{3BAFCDFD-9BF6-49C6-8DDD-F9A218C0C5B1}.Release|Any CPU.ActiveCfg = Release|Any CPU
		{3BAFCDFD-9BF6-49C6-8DDD-F9A218C0C5B1}.Release|Any CPU.Build.0 = Release|Any CPU
		{3BAFCDFD-9BF6-49C6-8DDD-F9A218C0C5B1}.Release|Mixed Platforms.ActiveCfg = Release|Any CPU
		{3BAFCDFD-9BF6-49C6-8DDD-F9A218C0C5B1}.Release|Mixed Platforms.Build.0 = Release|Any CPU
		{3BAFCDFD-9BF6-49C6-8DDD-F9A218C0C5B1}.Release|x86.ActiveCfg = Release|Any CPU
		{EBC1A15A-C7D7-4D81-A1C7-0C7F69A74384}.Debug|Any CPU.ActiveCfg = Debug|Any CPU
		{EBC1A15A-C7D7-4D81-A1C7-0C7F69A74384}.Debug|Any CPU.Build.0 = Debug|Any CPU
		{EBC1A15A-C7D7-4D81-A1C7-0C7F69A74384}.Debug|Mixed Platforms.ActiveCfg = Debug|Any CPU
		{EBC1A15A-C7D7-4D81-A1C7-0C7F69A74384}.Debug|Mixed Platforms.Build.0 = Debug|Any CPU
		{EBC1A15A-C7D7-4D81-A1C7-0C7F69A74384}.Debug|x86.ActiveCfg = Debug|Any CPU
		{EBC1A15A-C7D7-4D81-A1C7-0C7F69A74384}.Release|Any CPU.ActiveCfg = Release|Any CPU
		{EBC1A15A-C7D7-4D81-A1C7-0C7F69A74384}.Release|Any CPU.Build.0 = Release|Any CPU
		{EBC1A15A-C7D7-4D81-A1C7-0C7F69A74384}.Release|Mixed Platforms.ActiveCfg = Release|Any CPU
		{EBC1A15A-C7D7-4D81-A1C7-0C7F69A74384}.Release|Mixed Platforms.Build.0 = Release|Any CPU
		{EBC1A15A-C7D7-4D81-A1C7-0C7F69A74384}.Release|x86.ActiveCfg = Release|Any CPU
		{BC2E272B-0C6E-4443-9985-5F0114249DBA}.Debug|Any CPU.ActiveCfg = Debug|Any CPU
		{BC2E272B-0C6E-4443-9985-5F0114249DBA}.Debug|Any CPU.Build.0 = Debug|Any CPU
		{BC2E272B-0C6E-4443-9985-5F0114249DBA}.Debug|Mixed Platforms.ActiveCfg = Debug|Any CPU
		{BC2E272B-0C6E-4443-9985-5F0114249DBA}.Debug|Mixed Platforms.Build.0 = Debug|Any CPU
		{BC2E272B-0C6E-4443-9985-5F0114249DBA}.Debug|x86.ActiveCfg = Debug|Any CPU
		{BC2E272B-0C6E-4443-9985-5F0114249DBA}.Release|Any CPU.ActiveCfg = Release|Any CPU
		{BC2E272B-0C6E-4443-9985-5F0114249DBA}.Release|Any CPU.Build.0 = Release|Any CPU
		{BC2E272B-0C6E-4443-9985-5F0114249DBA}.Release|Mixed Platforms.ActiveCfg = Release|Any CPU
		{BC2E272B-0C6E-4443-9985-5F0114249DBA}.Release|Mixed Platforms.Build.0 = Release|Any CPU
		{BC2E272B-0C6E-4443-9985-5F0114249DBA}.Release|x86.ActiveCfg = Release|Any CPU
		{6DB0199B-9E14-490C-B9C9-6772C6512769}.Debug|Any CPU.ActiveCfg = Debug|Any CPU
		{6DB0199B-9E14-490C-B9C9-6772C6512769}.Debug|Any CPU.Build.0 = Debug|Any CPU
		{6DB0199B-9E14-490C-B9C9-6772C6512769}.Debug|Mixed Platforms.ActiveCfg = Debug|Any CPU
		{6DB0199B-9E14-490C-B9C9-6772C6512769}.Debug|Mixed Platforms.Build.0 = Debug|Any CPU
		{6DB0199B-9E14-490C-B9C9-6772C6512769}.Debug|x86.ActiveCfg = Debug|Any CPU
		{6DB0199B-9E14-490C-B9C9-6772C6512769}.Release|Any CPU.ActiveCfg = Release|Any CPU
		{6DB0199B-9E14-490C-B9C9-6772C6512769}.Release|Any CPU.Build.0 = Release|Any CPU
		{6DB0199B-9E14-490C-B9C9-6772C6512769}.Release|Mixed Platforms.ActiveCfg = Release|Any CPU
		{6DB0199B-9E14-490C-B9C9-6772C6512769}.Release|Mixed Platforms.Build.0 = Release|Any CPU
		{6DB0199B-9E14-490C-B9C9-6772C6512769}.Release|x86.ActiveCfg = Release|Any CPU
		{9633E216-89B9-419E-81F3-351F7717A999}.Debug|Any CPU.ActiveCfg = Debug|Any CPU
		{9633E216-89B9-419E-81F3-351F7717A999}.Debug|Any CPU.Build.0 = Debug|Any CPU
		{9633E216-89B9-419E-81F3-351F7717A999}.Debug|Mixed Platforms.ActiveCfg = Debug|Any CPU
		{9633E216-89B9-419E-81F3-351F7717A999}.Debug|Mixed Platforms.Build.0 = Debug|Any CPU
		{9633E216-89B9-419E-81F3-351F7717A999}.Debug|x86.ActiveCfg = Debug|Any CPU
		{9633E216-89B9-419E-81F3-351F7717A999}.Release|Any CPU.ActiveCfg = Release|Any CPU
		{9633E216-89B9-419E-81F3-351F7717A999}.Release|Any CPU.Build.0 = Release|Any CPU
		{9633E216-89B9-419E-81F3-351F7717A999}.Release|Mixed Platforms.ActiveCfg = Release|Any CPU
		{9633E216-89B9-419E-81F3-351F7717A999}.Release|Mixed Platforms.Build.0 = Release|Any CPU
		{9633E216-89B9-419E-81F3-351F7717A999}.Release|x86.ActiveCfg = Release|Any CPU
		{70D10A02-D256-4F64-862B-8C5029E5D3A4}.Debug|Any CPU.ActiveCfg = Debug|Any CPU
		{70D10A02-D256-4F64-862B-8C5029E5D3A4}.Debug|Any CPU.Build.0 = Debug|Any CPU
		{70D10A02-D256-4F64-862B-8C5029E5D3A4}.Debug|Mixed Platforms.ActiveCfg = Debug|Any CPU
		{70D10A02-D256-4F64-862B-8C5029E5D3A4}.Debug|Mixed Platforms.Build.0 = Debug|Any CPU
		{70D10A02-D256-4F64-862B-8C5029E5D3A4}.Debug|x86.ActiveCfg = Debug|Any CPU
		{70D10A02-D256-4F64-862B-8C5029E5D3A4}.Release|Any CPU.ActiveCfg = Release|Any CPU
		{70D10A02-D256-4F64-862B-8C5029E5D3A4}.Release|Any CPU.Build.0 = Release|Any CPU
		{70D10A02-D256-4F64-862B-8C5029E5D3A4}.Release|Mixed Platforms.ActiveCfg = Release|Any CPU
		{70D10A02-D256-4F64-862B-8C5029E5D3A4}.Release|Mixed Platforms.Build.0 = Release|Any CPU
		{70D10A02-D256-4F64-862B-8C5029E5D3A4}.Release|x86.ActiveCfg = Release|Any CPU
		{FDCFF43B-F6ED-4D5F-B73D-AE393412B306}.Debug|Any CPU.ActiveCfg = Debug|Any CPU
		{FDCFF43B-F6ED-4D5F-B73D-AE393412B306}.Debug|Any CPU.Build.0 = Debug|Any CPU
		{FDCFF43B-F6ED-4D5F-B73D-AE393412B306}.Debug|Mixed Platforms.ActiveCfg = Debug|Any CPU
		{FDCFF43B-F6ED-4D5F-B73D-AE393412B306}.Debug|Mixed Platforms.Build.0 = Debug|Any CPU
		{FDCFF43B-F6ED-4D5F-B73D-AE393412B306}.Debug|x86.ActiveCfg = Debug|Any CPU
		{FDCFF43B-F6ED-4D5F-B73D-AE393412B306}.Release|Any CPU.ActiveCfg = Release|Any CPU
		{FDCFF43B-F6ED-4D5F-B73D-AE393412B306}.Release|Any CPU.Build.0 = Release|Any CPU
		{FDCFF43B-F6ED-4D5F-B73D-AE393412B306}.Release|Mixed Platforms.ActiveCfg = Release|Any CPU
		{FDCFF43B-F6ED-4D5F-B73D-AE393412B306}.Release|Mixed Platforms.Build.0 = Release|Any CPU
		{FDCFF43B-F6ED-4D5F-B73D-AE393412B306}.Release|x86.ActiveCfg = Release|Any CPU
		{BACABC5E-5CEA-42B1-87F4-2B22DFF50C8E}.Debug|Any CPU.ActiveCfg = Debug|Any CPU
		{BACABC5E-5CEA-42B1-87F4-2B22DFF50C8E}.Debug|Any CPU.Build.0 = Debug|Any CPU
		{BACABC5E-5CEA-42B1-87F4-2B22DFF50C8E}.Debug|Mixed Platforms.ActiveCfg = Debug|Any CPU
		{BACABC5E-5CEA-42B1-87F4-2B22DFF50C8E}.Debug|Mixed Platforms.Build.0 = Debug|Any CPU
		{BACABC5E-5CEA-42B1-87F4-2B22DFF50C8E}.Debug|x86.ActiveCfg = Debug|Any CPU
		{BACABC5E-5CEA-42B1-87F4-2B22DFF50C8E}.Release|Any CPU.ActiveCfg = Release|Any CPU
		{BACABC5E-5CEA-42B1-87F4-2B22DFF50C8E}.Release|Any CPU.Build.0 = Release|Any CPU
		{BACABC5E-5CEA-42B1-87F4-2B22DFF50C8E}.Release|Mixed Platforms.ActiveCfg = Release|Any CPU
		{BACABC5E-5CEA-42B1-87F4-2B22DFF50C8E}.Release|Mixed Platforms.Build.0 = Release|Any CPU
		{BACABC5E-5CEA-42B1-87F4-2B22DFF50C8E}.Release|x86.ActiveCfg = Release|Any CPU
		{6AF7E132-15B3-46F0-901A-AFE4B7F74B0E}.Debug|Any CPU.ActiveCfg = Debug|Any CPU
		{6AF7E132-15B3-46F0-901A-AFE4B7F74B0E}.Debug|Any CPU.Build.0 = Debug|Any CPU
		{6AF7E132-15B3-46F0-901A-AFE4B7F74B0E}.Debug|Mixed Platforms.ActiveCfg = Debug|Any CPU
		{6AF7E132-15B3-46F0-901A-AFE4B7F74B0E}.Debug|Mixed Platforms.Build.0 = Debug|Any CPU
		{6AF7E132-15B3-46F0-901A-AFE4B7F74B0E}.Debug|x86.ActiveCfg = Debug|Any CPU
		{6AF7E132-15B3-46F0-901A-AFE4B7F74B0E}.Release|Any CPU.ActiveCfg = Release|Any CPU
		{6AF7E132-15B3-46F0-901A-AFE4B7F74B0E}.Release|Any CPU.Build.0 = Release|Any CPU
		{6AF7E132-15B3-46F0-901A-AFE4B7F74B0E}.Release|Mixed Platforms.ActiveCfg = Release|Any CPU
		{6AF7E132-15B3-46F0-901A-AFE4B7F74B0E}.Release|Mixed Platforms.Build.0 = Release|Any CPU
		{6AF7E132-15B3-46F0-901A-AFE4B7F74B0E}.Release|x86.ActiveCfg = Release|Any CPU
		{324286FD-52CE-4223-B8DD-8999123A45B1}.Debug|Any CPU.ActiveCfg = Debug|Any CPU
		{324286FD-52CE-4223-B8DD-8999123A45B1}.Debug|Any CPU.Build.0 = Debug|Any CPU
		{324286FD-52CE-4223-B8DD-8999123A45B1}.Debug|Mixed Platforms.ActiveCfg = Debug|Any CPU
		{324286FD-52CE-4223-B8DD-8999123A45B1}.Debug|Mixed Platforms.Build.0 = Debug|Any CPU
		{324286FD-52CE-4223-B8DD-8999123A45B1}.Debug|x86.ActiveCfg = Debug|Any CPU
		{324286FD-52CE-4223-B8DD-8999123A45B1}.Release|Any CPU.ActiveCfg = Release|Any CPU
		{324286FD-52CE-4223-B8DD-8999123A45B1}.Release|Any CPU.Build.0 = Release|Any CPU
		{324286FD-52CE-4223-B8DD-8999123A45B1}.Release|Mixed Platforms.ActiveCfg = Release|Any CPU
		{324286FD-52CE-4223-B8DD-8999123A45B1}.Release|Mixed Platforms.Build.0 = Release|Any CPU
		{324286FD-52CE-4223-B8DD-8999123A45B1}.Release|x86.ActiveCfg = Release|Any CPU
		{6A9887FA-6897-4842-A7A6-DD542FF839D3}.Debug|Any CPU.ActiveCfg = Debug|Any CPU
		{6A9887FA-6897-4842-A7A6-DD542FF839D3}.Debug|Any CPU.Build.0 = Debug|Any CPU
		{6A9887FA-6897-4842-A7A6-DD542FF839D3}.Debug|Mixed Platforms.ActiveCfg = Debug|Any CPU
		{6A9887FA-6897-4842-A7A6-DD542FF839D3}.Debug|Mixed Platforms.Build.0 = Debug|Any CPU
		{6A9887FA-6897-4842-A7A6-DD542FF839D3}.Debug|x86.ActiveCfg = Debug|Any CPU
		{6A9887FA-6897-4842-A7A6-DD542FF839D3}.Release|Any CPU.ActiveCfg = Release|Any CPU
		{6A9887FA-6897-4842-A7A6-DD542FF839D3}.Release|Any CPU.Build.0 = Release|Any CPU
		{6A9887FA-6897-4842-A7A6-DD542FF839D3}.Release|Mixed Platforms.ActiveCfg = Release|Any CPU
		{6A9887FA-6897-4842-A7A6-DD542FF839D3}.Release|Mixed Platforms.Build.0 = Release|Any CPU
		{6A9887FA-6897-4842-A7A6-DD542FF839D3}.Release|x86.ActiveCfg = Release|Any CPU
		{DF5BBD35-0929-4475-BCB0-1779532F6137}.Debug|Any CPU.ActiveCfg = Debug|Any CPU
		{DF5BBD35-0929-4475-BCB0-1779532F6137}.Debug|Any CPU.Build.0 = Debug|Any CPU
		{DF5BBD35-0929-4475-BCB0-1779532F6137}.Debug|Mixed Platforms.ActiveCfg = Debug|Any CPU
		{DF5BBD35-0929-4475-BCB0-1779532F6137}.Debug|Mixed Platforms.Build.0 = Debug|Any CPU
		{DF5BBD35-0929-4475-BCB0-1779532F6137}.Debug|x86.ActiveCfg = Debug|Any CPU
		{DF5BBD35-0929-4475-BCB0-1779532F6137}.Release|Any CPU.ActiveCfg = Release|Any CPU
		{DF5BBD35-0929-4475-BCB0-1779532F6137}.Release|Any CPU.Build.0 = Release|Any CPU
		{DF5BBD35-0929-4475-BCB0-1779532F6137}.Release|Mixed Platforms.ActiveCfg = Release|Any CPU
		{DF5BBD35-0929-4475-BCB0-1779532F6137}.Release|Mixed Platforms.Build.0 = Release|Any CPU
		{DF5BBD35-0929-4475-BCB0-1779532F6137}.Release|x86.ActiveCfg = Release|Any CPU
		{E3D3883D-4920-41AA-BC9D-F01D4F46779E}.Debug|Any CPU.ActiveCfg = Debug|Any CPU
		{E3D3883D-4920-41AA-BC9D-F01D4F46779E}.Debug|Any CPU.Build.0 = Debug|Any CPU
		{E3D3883D-4920-41AA-BC9D-F01D4F46779E}.Debug|Mixed Platforms.ActiveCfg = Debug|Any CPU
		{E3D3883D-4920-41AA-BC9D-F01D4F46779E}.Debug|Mixed Platforms.Build.0 = Debug|Any CPU
		{E3D3883D-4920-41AA-BC9D-F01D4F46779E}.Debug|x86.ActiveCfg = Debug|Any CPU
		{E3D3883D-4920-41AA-BC9D-F01D4F46779E}.Release|Any CPU.ActiveCfg = Release|Any CPU
		{E3D3883D-4920-41AA-BC9D-F01D4F46779E}.Release|Any CPU.Build.0 = Release|Any CPU
		{E3D3883D-4920-41AA-BC9D-F01D4F46779E}.Release|Mixed Platforms.ActiveCfg = Release|Any CPU
		{E3D3883D-4920-41AA-BC9D-F01D4F46779E}.Release|Mixed Platforms.Build.0 = Release|Any CPU
		{E3D3883D-4920-41AA-BC9D-F01D4F46779E}.Release|x86.ActiveCfg = Release|Any CPU
		{3FF886BD-8E64-4DD8-AB25-4EE4BAB5831F}.Debug|Any CPU.ActiveCfg = Debug|Any CPU
		{3FF886BD-8E64-4DD8-AB25-4EE4BAB5831F}.Debug|Any CPU.Build.0 = Debug|Any CPU
		{3FF886BD-8E64-4DD8-AB25-4EE4BAB5831F}.Debug|Mixed Platforms.ActiveCfg = Debug|Any CPU
		{3FF886BD-8E64-4DD8-AB25-4EE4BAB5831F}.Debug|Mixed Platforms.Build.0 = Debug|Any CPU
		{3FF886BD-8E64-4DD8-AB25-4EE4BAB5831F}.Debug|x86.ActiveCfg = Debug|Any CPU
		{3FF886BD-8E64-4DD8-AB25-4EE4BAB5831F}.Release|Any CPU.ActiveCfg = Release|Any CPU
		{3FF886BD-8E64-4DD8-AB25-4EE4BAB5831F}.Release|Any CPU.Build.0 = Release|Any CPU
		{3FF886BD-8E64-4DD8-AB25-4EE4BAB5831F}.Release|Mixed Platforms.ActiveCfg = Release|Any CPU
		{3FF886BD-8E64-4DD8-AB25-4EE4BAB5831F}.Release|Mixed Platforms.Build.0 = Release|Any CPU
		{3FF886BD-8E64-4DD8-AB25-4EE4BAB5831F}.Release|x86.ActiveCfg = Release|Any CPU
		{8E52BEA6-3715-44D8-8523-EA36F5122E7D}.Debug|Any CPU.ActiveCfg = Debug|Any CPU
		{8E52BEA6-3715-44D8-8523-EA36F5122E7D}.Debug|Any CPU.Build.0 = Debug|Any CPU
		{8E52BEA6-3715-44D8-8523-EA36F5122E7D}.Debug|Mixed Platforms.ActiveCfg = Debug|Any CPU
		{8E52BEA6-3715-44D8-8523-EA36F5122E7D}.Debug|Mixed Platforms.Build.0 = Debug|Any CPU
		{8E52BEA6-3715-44D8-8523-EA36F5122E7D}.Debug|x86.ActiveCfg = Debug|Any CPU
		{8E52BEA6-3715-44D8-8523-EA36F5122E7D}.Release|Any CPU.ActiveCfg = Release|Any CPU
		{8E52BEA6-3715-44D8-8523-EA36F5122E7D}.Release|Any CPU.Build.0 = Release|Any CPU
		{8E52BEA6-3715-44D8-8523-EA36F5122E7D}.Release|Mixed Platforms.ActiveCfg = Release|Any CPU
		{8E52BEA6-3715-44D8-8523-EA36F5122E7D}.Release|Mixed Platforms.Build.0 = Release|Any CPU
		{8E52BEA6-3715-44D8-8523-EA36F5122E7D}.Release|x86.ActiveCfg = Release|Any CPU
		{5E1EC0A4-B226-44BE-8D9F-1ACFF25B9BC2}.Debug|Any CPU.ActiveCfg = Debug|Any CPU
		{5E1EC0A4-B226-44BE-8D9F-1ACFF25B9BC2}.Debug|Any CPU.Build.0 = Debug|Any CPU
		{5E1EC0A4-B226-44BE-8D9F-1ACFF25B9BC2}.Debug|Mixed Platforms.ActiveCfg = Debug|Any CPU
		{5E1EC0A4-B226-44BE-8D9F-1ACFF25B9BC2}.Debug|Mixed Platforms.Build.0 = Debug|Any CPU
		{5E1EC0A4-B226-44BE-8D9F-1ACFF25B9BC2}.Debug|x86.ActiveCfg = Debug|Any CPU
		{5E1EC0A4-B226-44BE-8D9F-1ACFF25B9BC2}.Release|Any CPU.ActiveCfg = Release|Any CPU
		{5E1EC0A4-B226-44BE-8D9F-1ACFF25B9BC2}.Release|Any CPU.Build.0 = Release|Any CPU
		{5E1EC0A4-B226-44BE-8D9F-1ACFF25B9BC2}.Release|Mixed Platforms.ActiveCfg = Release|Any CPU
		{5E1EC0A4-B226-44BE-8D9F-1ACFF25B9BC2}.Release|Mixed Platforms.Build.0 = Release|Any CPU
		{5E1EC0A4-B226-44BE-8D9F-1ACFF25B9BC2}.Release|x86.ActiveCfg = Release|Any CPU
		{C3EBE3F7-00DB-4489-B889-496C6303EE57}.Debug|Any CPU.ActiveCfg = Debug|Any CPU
		{C3EBE3F7-00DB-4489-B889-496C6303EE57}.Debug|Any CPU.Build.0 = Debug|Any CPU
		{C3EBE3F7-00DB-4489-B889-496C6303EE57}.Debug|Mixed Platforms.ActiveCfg = Debug|Any CPU
		{C3EBE3F7-00DB-4489-B889-496C6303EE57}.Debug|Mixed Platforms.Build.0 = Debug|Any CPU
		{C3EBE3F7-00DB-4489-B889-496C6303EE57}.Debug|x86.ActiveCfg = Debug|Any CPU
		{C3EBE3F7-00DB-4489-B889-496C6303EE57}.Release|Any CPU.ActiveCfg = Release|Any CPU
		{C3EBE3F7-00DB-4489-B889-496C6303EE57}.Release|Any CPU.Build.0 = Release|Any CPU
		{C3EBE3F7-00DB-4489-B889-496C6303EE57}.Release|Mixed Platforms.ActiveCfg = Release|Any CPU
		{C3EBE3F7-00DB-4489-B889-496C6303EE57}.Release|Mixed Platforms.Build.0 = Release|Any CPU
		{C3EBE3F7-00DB-4489-B889-496C6303EE57}.Release|x86.ActiveCfg = Release|Any CPU
		{F5966381-1FF5-4D94-8AF4-BF4E61F8C982}.Debug|Any CPU.ActiveCfg = Debug|Any CPU
		{F5966381-1FF5-4D94-8AF4-BF4E61F8C982}.Debug|Any CPU.Build.0 = Debug|Any CPU
		{F5966381-1FF5-4D94-8AF4-BF4E61F8C982}.Debug|Mixed Platforms.ActiveCfg = Debug|Any CPU
		{F5966381-1FF5-4D94-8AF4-BF4E61F8C982}.Debug|Mixed Platforms.Build.0 = Debug|Any CPU
		{F5966381-1FF5-4D94-8AF4-BF4E61F8C982}.Debug|x86.ActiveCfg = Debug|Any CPU
		{F5966381-1FF5-4D94-8AF4-BF4E61F8C982}.Release|Any CPU.ActiveCfg = Release|Any CPU
		{F5966381-1FF5-4D94-8AF4-BF4E61F8C982}.Release|Any CPU.Build.0 = Release|Any CPU
		{F5966381-1FF5-4D94-8AF4-BF4E61F8C982}.Release|Mixed Platforms.ActiveCfg = Release|Any CPU
		{F5966381-1FF5-4D94-8AF4-BF4E61F8C982}.Release|Mixed Platforms.Build.0 = Release|Any CPU
		{F5966381-1FF5-4D94-8AF4-BF4E61F8C982}.Release|x86.ActiveCfg = Release|Any CPU
		{DE472BAB-BD11-44B6-B476-D5AFB48848DB}.Debug|Any CPU.ActiveCfg = Debug|Any CPU
		{DE472BAB-BD11-44B6-B476-D5AFB48848DB}.Debug|Any CPU.Build.0 = Debug|Any CPU
		{DE472BAB-BD11-44B6-B476-D5AFB48848DB}.Debug|Mixed Platforms.ActiveCfg = Debug|Any CPU
		{DE472BAB-BD11-44B6-B476-D5AFB48848DB}.Debug|Mixed Platforms.Build.0 = Debug|Any CPU
		{DE472BAB-BD11-44B6-B476-D5AFB48848DB}.Debug|x86.ActiveCfg = Debug|Any CPU
		{DE472BAB-BD11-44B6-B476-D5AFB48848DB}.Release|Any CPU.ActiveCfg = Release|Any CPU
		{DE472BAB-BD11-44B6-B476-D5AFB48848DB}.Release|Any CPU.Build.0 = Release|Any CPU
		{DE472BAB-BD11-44B6-B476-D5AFB48848DB}.Release|Mixed Platforms.ActiveCfg = Release|Any CPU
		{DE472BAB-BD11-44B6-B476-D5AFB48848DB}.Release|Mixed Platforms.Build.0 = Release|Any CPU
		{DE472BAB-BD11-44B6-B476-D5AFB48848DB}.Release|x86.ActiveCfg = Release|Any CPU
		{AFB204EC-D6E9-422A-82D5-9B0F9D6C3DDD}.Debug|Any CPU.ActiveCfg = Debug|Any CPU
		{AFB204EC-D6E9-422A-82D5-9B0F9D6C3DDD}.Debug|Any CPU.Build.0 = Debug|Any CPU
		{AFB204EC-D6E9-422A-82D5-9B0F9D6C3DDD}.Debug|Mixed Platforms.ActiveCfg = Debug|Any CPU
		{AFB204EC-D6E9-422A-82D5-9B0F9D6C3DDD}.Debug|Mixed Platforms.Build.0 = Debug|Any CPU
		{AFB204EC-D6E9-422A-82D5-9B0F9D6C3DDD}.Debug|x86.ActiveCfg = Debug|Any CPU
		{AFB204EC-D6E9-422A-82D5-9B0F9D6C3DDD}.Release|Any CPU.ActiveCfg = Release|Any CPU
		{AFB204EC-D6E9-422A-82D5-9B0F9D6C3DDD}.Release|Any CPU.Build.0 = Release|Any CPU
		{AFB204EC-D6E9-422A-82D5-9B0F9D6C3DDD}.Release|Mixed Platforms.ActiveCfg = Release|Any CPU
		{AFB204EC-D6E9-422A-82D5-9B0F9D6C3DDD}.Release|Mixed Platforms.Build.0 = Release|Any CPU
		{AFB204EC-D6E9-422A-82D5-9B0F9D6C3DDD}.Release|x86.ActiveCfg = Release|Any CPU
		{CCF3D813-6D67-4C74-9057-D0CB2BAAA122}.Debug|Any CPU.ActiveCfg = Debug|Any CPU
		{CCF3D813-6D67-4C74-9057-D0CB2BAAA122}.Debug|Any CPU.Build.0 = Debug|Any CPU
		{CCF3D813-6D67-4C74-9057-D0CB2BAAA122}.Debug|Mixed Platforms.ActiveCfg = Debug|Any CPU
		{CCF3D813-6D67-4C74-9057-D0CB2BAAA122}.Debug|Mixed Platforms.Build.0 = Debug|Any CPU
		{CCF3D813-6D67-4C74-9057-D0CB2BAAA122}.Debug|x86.ActiveCfg = Debug|Any CPU
		{CCF3D813-6D67-4C74-9057-D0CB2BAAA122}.Release|Any CPU.ActiveCfg = Release|Any CPU
		{CCF3D813-6D67-4C74-9057-D0CB2BAAA122}.Release|Any CPU.Build.0 = Release|Any CPU
		{CCF3D813-6D67-4C74-9057-D0CB2BAAA122}.Release|Mixed Platforms.ActiveCfg = Release|Any CPU
		{CCF3D813-6D67-4C74-9057-D0CB2BAAA122}.Release|Mixed Platforms.Build.0 = Release|Any CPU
		{CCF3D813-6D67-4C74-9057-D0CB2BAAA122}.Release|x86.ActiveCfg = Release|Any CPU
		{5607EA0D-5648-4C3D-881D-99A295D72DCB}.Debug|Any CPU.ActiveCfg = Debug|Any CPU
		{5607EA0D-5648-4C3D-881D-99A295D72DCB}.Debug|Any CPU.Build.0 = Debug|Any CPU
		{5607EA0D-5648-4C3D-881D-99A295D72DCB}.Debug|Mixed Platforms.ActiveCfg = Debug|Any CPU
		{5607EA0D-5648-4C3D-881D-99A295D72DCB}.Debug|Mixed Platforms.Build.0 = Debug|Any CPU
		{5607EA0D-5648-4C3D-881D-99A295D72DCB}.Debug|x86.ActiveCfg = Debug|Any CPU
		{5607EA0D-5648-4C3D-881D-99A295D72DCB}.Release|Any CPU.ActiveCfg = Release|Any CPU
		{5607EA0D-5648-4C3D-881D-99A295D72DCB}.Release|Any CPU.Build.0 = Release|Any CPU
		{5607EA0D-5648-4C3D-881D-99A295D72DCB}.Release|Mixed Platforms.ActiveCfg = Release|Any CPU
		{5607EA0D-5648-4C3D-881D-99A295D72DCB}.Release|Mixed Platforms.Build.0 = Release|Any CPU
		{5607EA0D-5648-4C3D-881D-99A295D72DCB}.Release|x86.ActiveCfg = Release|Any CPU
		{DB02CBB3-6740-4778-8A08-FDE7FCCB8428}.Debug|Any CPU.ActiveCfg = Debug|Any CPU
		{DB02CBB3-6740-4778-8A08-FDE7FCCB8428}.Debug|Any CPU.Build.0 = Debug|Any CPU
		{DB02CBB3-6740-4778-8A08-FDE7FCCB8428}.Debug|Mixed Platforms.ActiveCfg = Debug|Any CPU
		{DB02CBB3-6740-4778-8A08-FDE7FCCB8428}.Debug|Mixed Platforms.Build.0 = Debug|Any CPU
		{DB02CBB3-6740-4778-8A08-FDE7FCCB8428}.Debug|x86.ActiveCfg = Debug|Any CPU
		{DB02CBB3-6740-4778-8A08-FDE7FCCB8428}.Release|Any CPU.ActiveCfg = Release|Any CPU
		{DB02CBB3-6740-4778-8A08-FDE7FCCB8428}.Release|Any CPU.Build.0 = Release|Any CPU
		{DB02CBB3-6740-4778-8A08-FDE7FCCB8428}.Release|Mixed Platforms.ActiveCfg = Release|Any CPU
		{DB02CBB3-6740-4778-8A08-FDE7FCCB8428}.Release|Mixed Platforms.Build.0 = Release|Any CPU
		{DB02CBB3-6740-4778-8A08-FDE7FCCB8428}.Release|x86.ActiveCfg = Release|Any CPU
		{6D75D6CF-94F3-4E40-B75B-458CDB699245}.Debug|Any CPU.ActiveCfg = Debug|Any CPU
		{6D75D6CF-94F3-4E40-B75B-458CDB699245}.Debug|Any CPU.Build.0 = Debug|Any CPU
		{6D75D6CF-94F3-4E40-B75B-458CDB699245}.Debug|Mixed Platforms.ActiveCfg = Debug|Any CPU
		{6D75D6CF-94F3-4E40-B75B-458CDB699245}.Debug|Mixed Platforms.Build.0 = Debug|Any CPU
		{6D75D6CF-94F3-4E40-B75B-458CDB699245}.Debug|x86.ActiveCfg = Debug|Any CPU
		{6D75D6CF-94F3-4E40-B75B-458CDB699245}.Release|Any CPU.ActiveCfg = Release|Any CPU
		{6D75D6CF-94F3-4E40-B75B-458CDB699245}.Release|Any CPU.Build.0 = Release|Any CPU
		{6D75D6CF-94F3-4E40-B75B-458CDB699245}.Release|Mixed Platforms.ActiveCfg = Release|Any CPU
		{6D75D6CF-94F3-4E40-B75B-458CDB699245}.Release|Mixed Platforms.Build.0 = Release|Any CPU
		{6D75D6CF-94F3-4E40-B75B-458CDB699245}.Release|x86.ActiveCfg = Release|Any CPU
	EndGlobalSection
	GlobalSection(SolutionProperties) = preSolution
		HideSolutionNode = FALSE
	EndGlobalSection
EndGlobal
