
Microsoft Visual Studio Solution File, Format Version 11.00
# Visual Studio 2010
Project("{E24C65DC-7377-472B-9ABA-BC803B73C61A}") = "Hidistro", "..\Hidistro\", "{D5E17E69-CDA8-4612-B4BB-9BFC8D191ACC}"
	ProjectSection(WebsiteProperties) = preProject
		TargetFrameworkMoniker = ".NETFramework,Version%3Dv4.0"
		Debug.AspNetCompiler.VirtualPath = "/Hidistro"
		Debug.AspNetCompiler.PhysicalPath = "C:\Hidistro2.2\Hidistro\"
		Debug.AspNetCompiler.TargetPath = "PrecompiledWeb\Hidistro\"
		Debug.AspNetCompiler.Updateable = "true"
		Debug.AspNetCompiler.ForceOverwrite = "true"
		Debug.AspNetCompiler.FixedNames = "false"
		Debug.AspNetCompiler.Debug = "True"
		Release.AspNetCompiler.VirtualPath = "/Hidistro"
		Release.AspNetCompiler.PhysicalPath = "C:\Hidistro2.2\Hidistro\"
		Release.AspNetCompiler.TargetPath = "PrecompiledWeb\Hidistro\"
		Release.AspNetCompiler.Updateable = "true"
		Release.AspNetCompiler.ForceOverwrite = "true"
		Release.AspNetCompiler.FixedNames = "false"
		Release.AspNetCompiler.Debug = "False"
		VWDPort = "11881"
	EndProjectSection
EndProject
Global
	GlobalSection(SolutionConfigurationPlatforms) = preSolution
		Debug|Any CPU = Debug|Any CPU
	EndGlobalSection
	GlobalSection(ProjectConfigurationPlatforms) = postSolution
		{D5E17E69-CDA8-4612-B4BB-9BFC8D191ACC}.Debug|Any CPU.ActiveCfg = Debug|Any CPU
		{D5E17E69-CDA8-4612-B4BB-9BFC8D191ACC}.Debug|Any CPU.Build.0 = Debug|Any CPU
	EndGlobalSection
	GlobalSection(SolutionProperties) = preSolution
		HideSolutionNode = FALSE
	EndGlobalSection
EndGlobal
